
Microsoft Visual Studio Solution File, Format Version 12.00
# Visual Studio Version 16
VisualStudioVersion = 16.0.32126.315
MinimumVisualStudioVersion = 10.0.40219.1
Project("{FAE04EC0-301F-11D3-BF4B-00C04F79EFBC}") = "LinqExamples", "LinqExamples\LinqExamples.csproj", "{F564D0C2-D098-476E-AEF8-6CC2C8B26047}"
EndProject
Global
	GlobalSection(SolutionConfigurationPlatforms) = preSolution
		Debug|Any CPU = Debug|Any CPU
		Release|Any CPU = Release|Any CPU
	EndGlobalSection
	GlobalSection(ProjectConfigurationPlatforms) = postSolution
		{F564D0C2-D098-476E-AEF8-6CC2C8B26047}.Debug|Any CPU.ActiveCfg = Debug|Any CPU
		{F564D0C2-D098-476E-AEF8-6CC2C8B26047}.Debug|Any CPU.Build.0 = Debug|Any CPU
		{F564D0C2-D098-476E-AEF8-6CC2C8B26047}.Release|Any CPU.ActiveCfg = Release|Any CPU
		{F564D0C2-D098-476E-AEF8-6CC2C8B26047}.Release|Any CPU.Build.0 = Release|Any CPU
	EndGlobalSection
	GlobalSection(SolutionProperties) = preSolution
		HideSolutionNode = FALSE
	EndGlobalSection
	GlobalSection(ExtensibilityGlobals) = postSolution
		SolutionGuid = {C5AE434F-441F-4F6A-A800-444D40512FFF}
	EndGlobalSection
EndGlobal
